Microsoft Visual Studio Solution File, Format Version 11.00
# Visual Studio 2008

Project("{56A0594D-871B-2976-6131-1AFC7D87B0B3}") = "PlaneWithCubes", "Assembly-CSharp.csproj", "{D89DCDB3-379C-172D-2777-CBC6601A2CFF}"
EndProject
Global
	GlobalSection(SolutionConfigurationPlatforms) = preSolution
		Debug|Any CPU = Debug|Any CPU
		Release|Any CPU = Release|Any CPU
	EndGlobalSection
	GlobalSection(ProjectConfigurationPlatforms) = postSolution
		{D89DCDB3-379C-172D-2777-CBC6601A2CFF}.Debug|Any CPU.ActiveCfg = Debug|Any CPU
		{D89DCDB3-379C-172D-2777-CBC6601A2CFF}.Debug|Any CPU.Build.0 = Debug|Any CPU
		{D89DCDB3-379C-172D-2777-CBC6601A2CFF}.Release|Any CPU.ActiveCfg = Release|Any CPU
		{D89DCDB3-379C-172D-2777-CBC6601A2CFF}.Release|Any CPU.Build.0 = Release|Any CPU
	EndGlobalSection
	GlobalSection(SolutionProperties) = preSolution
		HideSolutionNode = FALSE
	EndGlobalSection
	GlobalSection(MonoDevelopProperties) = preSolution
		StartupItem = Assembly-CSharp.csproj
	EndGlobalSection
EndGlobal
